
Microsoft Visual Studio Solution File, Format Version 11.00
# Visual Studio 2010
Project("{FAE04EC0-301F-11D3-BF4B-00C04F79EFBC}") = "UnityEngine.TestRunner", "UnityEngine.TestRunner.csproj", "{89b04c33-ad81-d562-9685-59c5360d11ae}"
EndProject
Project("{FAE04EC0-301F-11D3-BF4B-00C04F79EFBC}") = "Unity.2D.Animation.Triangle.Runtime", "Unity.2D.Animation.Triangle.Runtime.csproj", "{28ea93f2-daaa-d099-0d32-fa67ac2c2f76}"
EndProject
Project("{FAE04EC0-301F-11D3-BF4B-00C04F79EFBC}") = "Unity.TextMeshPro", "Unity.TextMeshPro.csproj", "{b92d79a8-722a-f3fe-2a10-8863051d2e26}"
EndProject
Project("{FAE04EC0-301F-11D3-BF4B-00C04F79EFBC}") = "Unity.2D.Animation.Runtime", "Unity.2D.Animation.Runtime.csproj", "{5b3de2ea-be1c-4355-c1f9-aa3054015a43}"
EndProject
Project("{FAE04EC0-301F-11D3-BF4B-00C04F79EFBC}") = "Unity.Timeline", "Unity.Timeline.csproj", "{11cb72df-ada7-2a89-351f-5c1446725367}"
EndProject
Project("{FAE04EC0-301F-11D3-BF4B-00C04F79EFBC}") = "Cinemachine", "Cinemachine.csproj", "{b0e9bfcc-0b6b-1e4a-9111-e18fb0d51720}"
EndProject
Project("{FAE04EC0-301F-11D3-BF4B-00C04F79EFBC}") = "Unity.Mathematics", "Unity.Mathematics.csproj", "{a3a02e55-1417-8874-a694-02b1cfd92986}"
EndProject
Project("{FAE04EC0-301F-11D3-BF4B-00C04F79EFBC}") = "Unity.2D.SpriteShape.Runtime", "Unity.2D.SpriteShape.Runtime.csproj", "{a2708b5e-c2f0-e0b3-d7e5-96c595bb4ac5}"
EndProject
Project("{FAE04EC0-301F-11D3-BF4B-00C04F79EFBC}") = "Assembly-CSharp", "Assembly-CSharp.csproj", "{d1de7d41-8390-3b6a-0788-73450161c18c}"
EndProject
Project("{FAE04EC0-301F-11D3-BF4B-00C04F79EFBC}") = "Assembly-CSharp-firstpass", "Assembly-CSharp-firstpass.csproj", "{e3cba315-a8bc-5d1f-dcf1-d548e9e1a5bf}"
EndProject
Project("{FAE04EC0-301F-11D3-BF4B-00C04F79EFBC}") = "Unity.2D.PixelPerfect", "Unity.2D.PixelPerfect.csproj", "{7a21dbce-4a90-73ab-3fe6-7f17c9f4bad8}"
EndProject
Project("{FAE04EC0-301F-11D3-BF4B-00C04F79EFBC}") = "Unity.InternalAPIEngineBridge.001", "Unity.InternalAPIEngineBridge.001.csproj", "{03516628-c8cf-fead-93e0-a3cfa1eb8e75}"
EndProject
Project("{FAE04EC0-301F-11D3-BF4B-00C04F79EFBC}") = "Unity.2D.Common.Runtime", "Unity.2D.Common.Runtime.csproj", "{a39968c4-9e5b-fb83-761c-3c47112c17c3}"
EndProject
Project("{FAE04EC0-301F-11D3-BF4B-00C04F79EFBC}") = "UnityEditor.TestRunner", "UnityEditor.TestRunner.csproj", "{586267c8-c828-b3ef-c1cd-e28ff34f9625}"
EndProject
Project("{FAE04EC0-301F-11D3-BF4B-00C04F79EFBC}") = "Unity.TextMeshPro.Editor", "Unity.TextMeshPro.Editor.csproj", "{64693547-a2f2-3d12-9ead-b2630d544a9f}"
EndProject
Project("{FAE04EC0-301F-11D3-BF4B-00C04F79EFBC}") = "Unity.Timeline.Editor", "Unity.Timeline.Editor.csproj", "{e520d874-4456-b570-a86c-827e0fec7d9c}"
EndProject
Project("{FAE04EC0-301F-11D3-BF4B-00C04F79EFBC}") = "Unity.2D.Animation.Editor", "Unity.2D.Animation.Editor.csproj", "{f36fde6b-c2ee-ce60-559a-76824637c560}"
EndProject
Project("{FAE04EC0-301F-11D3-BF4B-00C04F79EFBC}") = "Unity.2D.Path.Editor", "Unity.2D.Path.Editor.csproj", "{308291ec-4db0-3a4e-b244-7209b42deee3}"
EndProject
Project("{FAE04EC0-301F-11D3-BF4B-00C04F79EFBC}") = "com.unity.cinemachine.editor", "com.unity.cinemachine.editor.csproj", "{320bf435-601c-6562-44b4-34e82ad822cb}"
EndProject
Project("{FAE04EC0-301F-11D3-BF4B-00C04F79EFBC}") = "Unity.Rider.Editor", "Unity.Rider.Editor.csproj", "{00317108-104f-5324-7327-1f487b690fa1}"
EndProject
Project("{FAE04EC0-301F-11D3-BF4B-00C04F79EFBC}") = "Unity.2D.SpriteShape.Editor", "Unity.2D.SpriteShape.Editor.csproj", "{ec3fa210-6fd3-bca6-1aba-371ab562de6e}"
EndProject
Project("{FAE04EC0-301F-11D3-BF4B-00C04F79EFBC}") = "PsdPlugin", "PsdPlugin.csproj", "{bd8bcad2-34ff-4203-1fca-7d209678e0d1}"
EndProject
Project("{FAE04EC0-301F-11D3-BF4B-00C04F79EFBC}") = "Unity.CollabProxy.Editor", "Unity.CollabProxy.Editor.csproj", "{ab9637ac-cc14-ea47-aeea-6c24c89fb3e0}"
EndProject
Project("{FAE04EC0-301F-11D3-BF4B-00C04F79EFBC}") = "Unity.2D.Common.Editor", "Unity.2D.Common.Editor.csproj", "{b8406cc6-b451-75e0-c24a-f692b4ba05ef}"
EndProject
Project("{FAE04EC0-301F-11D3-BF4B-00C04F79EFBC}") = "Unity.VSCode.Editor", "Unity.VSCode.Editor.csproj", "{a42ff739-3e70-995b-b3d8-e4b70c60b743}"
EndProject
Project("{FAE04EC0-301F-11D3-BF4B-00C04F79EFBC}") = "Unity.2D.Psdimporter.Editor", "Unity.2D.Psdimporter.Editor.csproj", "{dd2103c6-d2dc-0aec-1d19-31e6e2be845a}"
EndProject
Project("{FAE04EC0-301F-11D3-BF4B-00C04F79EFBC}") = "Unity.2D.PixelPerfect.Editor", "Unity.2D.PixelPerfect.Editor.csproj", "{0b82b1ec-61b6-6195-56c5-5988da37dd68}"
EndProject
Project("{FAE04EC0-301F-11D3-BF4B-00C04F79EFBC}") = "Unity.Mathematics.Editor", "Unity.Mathematics.Editor.csproj", "{2e69dbe3-f1bb-5515-d2d3-2edf39585f68}"
EndProject
Project("{FAE04EC0-301F-11D3-BF4B-00C04F79EFBC}") = "Unity.InternalAPIEditorBridge.001", "Unity.InternalAPIEditorBridge.001.csproj", "{edcc1aed-04ca-eece-8580-b8c27b81aee3}"
EndProject
Global
	GlobalSection(SolutionConfigurationPlatforms) = preSolution
		Debug|Any CPU = Debug|Any CPU
	EndGlobalSection
	GlobalSection(ProjectConfigurationPlatforms) = postSolution
		{89b04c33-ad81-d562-9685-59c5360d11ae}.Debug|Any CPU.ActiveCfg = Debug|Any CPU
		{89b04c33-ad81-d562-9685-59c5360d11ae}.Debug|Any CPU.Build.0 = Debug|Any CPU
		{28ea93f2-daaa-d099-0d32-fa67ac2c2f76}.Debug|Any CPU.ActiveCfg = Debug|Any CPU
		{28ea93f2-daaa-d099-0d32-fa67ac2c2f76}.Debug|Any CPU.Build.0 = Debug|Any CPU
		{b92d79a8-722a-f3fe-2a10-8863051d2e26}.Debug|Any CPU.ActiveCfg = Debug|Any CPU
		{b92d79a8-722a-f3fe-2a10-8863051d2e26}.Debug|Any CPU.Build.0 = Debug|Any CPU
		{5b3de2ea-be1c-4355-c1f9-aa3054015a43}.Debug|Any CPU.ActiveCfg = Debug|Any CPU
		{5b3de2ea-be1c-4355-c1f9-aa3054015a43}.Debug|Any CPU.Build.0 = Debug|Any CPU
		{11cb72df-ada7-2a89-351f-5c1446725367}.Debug|Any CPU.ActiveCfg = Debug|Any CPU
		{11cb72df-ada7-2a89-351f-5c1446725367}.Debug|Any CPU.Build.0 = Debug|Any CPU
		{b0e9bfcc-0b6b-1e4a-9111-e18fb0d51720}.Debug|Any CPU.ActiveCfg = Debug|Any CPU
		{b0e9bfcc-0b6b-1e4a-9111-e18fb0d51720}.Debug|Any CPU.Build.0 = Debug|Any CPU
		{a3a02e55-1417-8874-a694-02b1cfd92986}.Debug|Any CPU.ActiveCfg = Debug|Any CPU
		{a3a02e55-1417-8874-a694-02b1cfd92986}.Debug|Any CPU.Build.0 = Debug|Any CPU
		{a2708b5e-c2f0-e0b3-d7e5-96c595bb4ac5}.Debug|Any CPU.ActiveCfg = Debug|Any CPU
		{a2708b5e-c2f0-e0b3-d7e5-96c595bb4ac5}.Debug|Any CPU.Build.0 = Debug|Any CPU
		{d1de7d41-8390-3b6a-0788-73450161c18c}.Debug|Any CPU.ActiveCfg = Debug|Any CPU
		{d1de7d41-8390-3b6a-0788-73450161c18c}.Debug|Any CPU.Build.0 = Debug|Any CPU
		{e3cba315-a8bc-5d1f-dcf1-d548e9e1a5bf}.Debug|Any CPU.ActiveCfg = Debug|Any CPU
		{e3cba315-a8bc-5d1f-dcf1-d548e9e1a5bf}.Debug|Any CPU.Build.0 = Debug|Any CPU
		{7a21dbce-4a90-73ab-3fe6-7f17c9f4bad8}.Debug|Any CPU.ActiveCfg = Debug|Any CPU
		{7a21dbce-4a90-73ab-3fe6-7f17c9f4bad8}.Debug|Any CPU.Build.0 = Debug|Any CPU
		{03516628-c8cf-fead-93e0-a3cfa1eb8e75}.Debug|Any CPU.ActiveCfg = Debug|Any CPU
		{03516628-c8cf-fead-93e0-a3cfa1eb8e75}.Debug|Any CPU.Build.0 = Debug|Any CPU
		{a39968c4-9e5b-fb83-761c-3c47112c17c3}.Debug|Any CPU.ActiveCfg = Debug|Any CPU
		{a39968c4-9e5b-fb83-761c-3c47112c17c3}.Debug|Any CPU.Build.0 = Debug|Any CPU
		{586267c8-c828-b3ef-c1cd-e28ff34f9625}.Debug|Any CPU.ActiveCfg = Debug|Any CPU
		{586267c8-c828-b3ef-c1cd-e28ff34f9625}.Debug|Any CPU.Build.0 = Debug|Any CPU
		{64693547-a2f2-3d12-9ead-b2630d544a9f}.Debug|Any CPU.ActiveCfg = Debug|Any CPU
		{64693547-a2f2-3d12-9ead-b2630d544a9f}.Debug|Any CPU.Build.0 = Debug|Any CPU
		{e520d874-4456-b570-a86c-827e0fec7d9c}.Debug|Any CPU.ActiveCfg = Debug|Any CPU
		{e520d874-4456-b570-a86c-827e0fec7d9c}.Debug|Any CPU.Build.0 = Debug|Any CPU
		{f36fde6b-c2ee-ce60-559a-76824637c560}.Debug|Any CPU.ActiveCfg = Debug|Any CPU
		{f36fde6b-c2ee-ce60-559a-76824637c560}.Debug|Any CPU.Build.0 = Debug|Any CPU
		{308291ec-4db0-3a4e-b244-7209b42deee3}.Debug|Any CPU.ActiveCfg = Debug|Any CPU
		{308291ec-4db0-3a4e-b244-7209b42deee3}.Debug|Any CPU.Build.0 = Debug|Any CPU
		{320bf435-601c-6562-44b4-34e82ad822cb}.Debug|Any CPU.ActiveCfg = Debug|Any CPU
		{320bf435-601c-6562-44b4-34e82ad822cb}.Debug|Any CPU.Build.0 = Debug|Any CPU
		{00317108-104f-5324-7327-1f487b690fa1}.Debug|Any CPU.ActiveCfg = Debug|Any CPU
		{00317108-104f-5324-7327-1f487b690fa1}.Debug|Any CPU.Build.0 = Debug|Any CPU
		{ec3fa210-6fd3-bca6-1aba-371ab562de6e}.Debug|Any CPU.ActiveCfg = Debug|Any CPU
		{ec3fa210-6fd3-bca6-1aba-371ab562de6e}.Debug|Any CPU.Build.0 = Debug|Any CPU
		{bd8bcad2-34ff-4203-1fca-7d209678e0d1}.Debug|Any CPU.ActiveCfg = Debug|Any CPU
		{bd8bcad2-34ff-4203-1fca-7d209678e0d1}.Debug|Any CPU.Build.0 = Debug|Any CPU
		{ab9637ac-cc14-ea47-aeea-6c24c89fb3e0}.Debug|Any CPU.ActiveCfg = Debug|Any CPU
		{ab9637ac-cc14-ea47-aeea-6c24c89fb3e0}.Debug|Any CPU.Build.0 = Debug|Any CPU
		{b8406cc6-b451-75e0-c24a-f692b4ba05ef}.Debug|Any CPU.ActiveCfg = Debug|Any CPU
		{b8406cc6-b451-75e0-c24a-f692b4ba05ef}.Debug|Any CPU.Build.0 = Debug|Any CPU
		{a42ff739-3e70-995b-b3d8-e4b70c60b743}.Debug|Any CPU.ActiveCfg = Debug|Any CPU
		{a42ff739-3e70-995b-b3d8-e4b70c60b743}.Debug|Any CPU.Build.0 = Debug|Any CPU
		{dd2103c6-d2dc-0aec-1d19-31e6e2be845a}.Debug|Any CPU.ActiveCfg = Debug|Any CPU
		{dd2103c6-d2dc-0aec-1d19-31e6e2be845a}.Debug|Any CPU.Build.0 = Debug|Any CPU
		{0b82b1ec-61b6-6195-56c5-5988da37dd68}.Debug|Any CPU.ActiveCfg = Debug|Any CPU
		{0b82b1ec-61b6-6195-56c5-5988da37dd68}.Debug|Any CPU.Build.0 = Debug|Any CPU
		{2e69dbe3-f1bb-5515-d2d3-2edf39585f68}.Debug|Any CPU.ActiveCfg = Debug|Any CPU
		{2e69dbe3-f1bb-5515-d2d3-2edf39585f68}.Debug|Any CPU.Build.0 = Debug|Any CPU
		{edcc1aed-04ca-eece-8580-b8c27b81aee3}.Debug|Any CPU.ActiveCfg = Debug|Any CPU
		{edcc1aed-04ca-eece-8580-b8c27b81aee3}.Debug|Any CPU.Build.0 = Debug|Any CPU
	EndGlobalSection
	GlobalSection(SolutionProperties) = preSolution
		HideSolutionNode = FALSE
	EndGlobalSection
EndGlobal
